github.com/atotto/clipboard v0.1.4 h1:EH0zSVneZPSuFR11BlR9YppQTVDbh5+16AmcJi4g1z4=
github.com/atotto/clipboard v0.1.4/go.mod h1:ZY9tmq7sm5xIbd9bOK4onWV4S6X0u6GY7Vn0Yu86PYI=
github.com/thatisuday/clapper v1.0.10 h1:1EkqE/nb4npp8DuTKnpvVzO/Mcac9lOPND34uUKF+bU=
github.com/thatisuday/clapper v1.0.10/go.mod h1:FQGIg8q2uzeI+3SUS82YKF4E3KexkHStbiK4qTfDknM=
github.com/thatisuday/commando v1.0.4 h1:aNdH9tvmx2EPG6rT3NTQOV/qFYPf4Ap4Spo+q+n9Ois=
github.com/thatisuday/commando v1.0.4/go.mod h1:ODGz6jwJs4QqhLJtCjRRs8xIrmLLMdatYYddP+v1b4E=
golang.org/x/sys v0.0.0-20210615035016-665e8c7367d1 h1:SrN+KX8Art/Sf4HNj6Zcz06G7VEz+7w9tdXTPOZ7+l4=
golang.org/x/sys v0.0.0-20210615035016-665e8c7367d1/go.mod h1:oPkhp1MJrh7nUepCBck5+mAzfO9JrbApNNgaTdGDITg=
golang.org/x/term v0.0.0-20210615171337-6886f2dfbf5b h1:9zKuko04nR4gjZ4+DNjHqRlAJqbJETHwiNKDqTfOjfE=
golang.org/x/term v0.0.0-20210615171337-6886f2dfbf5b/go.mod h1:jbD1KX2456YbFQfuXm/mYQcufACuNUgVhRMnK/tPxf8=
